# This file is automatically @generated by Cargo.
# It is not intended for manual editing.
version = 3

[[package]]
name = "allocator-fallback"
version = "0.1.4"
source = "registry+https://github.com/rust-lang/crates.io-index"
checksum = "67005a5187468a51e923248fcc73ddb87ad1a0fcfbf6579b35c2e17820e791d4"

[[package]]
name = "bincode"
version = "1.3.3"
source = "registry+https://github.com/rust-lang/crates.io-index"
checksum = "b1f45e9417d87227c7a56d22e471c6206462cba514c7590c09aff4cf6d1ddcad"
dependencies = [
 "serde",
]

[[package]]
name = "cell-ref"
version = "0.1.1"
source = "registry+https://github.com/rust-lang/crates.io-index"
checksum = "47f7098fc9ddf34917fc95dc99e1222d7e434bda84ba47376f115d0ac075f4c4"

[[package]]
name = "eips"
version = "0.1.0"
dependencies = [
 "allocator-fallback",
 "cell-ref",
 "fixed-bump",
 "fixed-typed-arena",
 "serde",
 "skippy",
 "tagged-pointer",
]

[[package]]
name = "fixed-bump"
version = "0.3.1"
source = "registry+https://github.com/rust-lang/crates.io-index"
checksum = "214ab2c28b04b3b6fab02da4e2f3bddf8969fe594016ab4a0b9cf65d13e728a5"
dependencies = [
 "allocator-fallback",
]

[[package]]
name = "fixed-typed-arena"
version = "0.3.1"
source = "registry+https://github.com/rust-lang/crates.io-index"
checksum = "0e5df7116f7ca59c62e62a8c26d7a5ba2d6848c70bcf490a6d0cffa59dd212d6"

[[package]]
name = "libc"
version = "0.2.126"
source = "registry+https://github.com/rust-lang/crates.io-index"
checksum = "349d5a591cd28b49e1d1037471617a32ddcda5731b99419008085f72d5a53836"

[[package]]
name = "proc-macro2"
version = "1.0.43"
source = "registry+https://github.com/rust-lang/crates.io-index"
checksum = "0a2ca2c61bc9f3d74d2886294ab7b9853abd9c1ad903a3ac7815c58989bb7bab"
dependencies = [
 "unicode-ident",
]

[[package]]
name = "quote"
version = "1.0.21"
source = "registry+https://github.com/rust-lang/crates.io-index"
checksum = "bbe448f377a7d6961e30f5955f9b8d106c3f5e449d493ee1b125c1d43c2b5179"
dependencies = [
 "proc-macro2",
]

[[package]]
name = "serde"
version = "1.0.144"
source = "registry+https://github.com/rust-lang/crates.io-index"
checksum = "0f747710de3dcd43b88c9168773254e809d8ddbdf9653b84e2554ab219f17860"
dependencies = [
 "serde_derive",
]

[[package]]
name = "serde_derive"
version = "1.0.144"
source = "registry+https://github.com/rust-lang/crates.io-index"
checksum = "94ed3a816fb1d101812f83e789f888322c34e291f894f19590dc310963e87a00"
dependencies = [
 "proc-macro2",
 "quote",
 "syn",
]

[[package]]
name = "skippy"
version = "0.1.0"
dependencies = [
 "allocator-fallback",
 "cell-ref",
 "tagged-pointer",
]

[[package]]
name = "syn"
version = "1.0.99"
source = "registry+https://github.com/rust-lang/crates.io-index"
checksum = "58dbef6ec655055e20b86b15a8cc6d439cca19b667537ac6a1369572d151ab13"
dependencies = [
 "proc-macro2",
 "quote",
 "unicode-ident",
]

[[package]]
name = "tagged-pointer"
version = "0.2.5"
source = "registry+https://github.com/rust-lang/crates.io-index"
checksum = "57637f6ba9344b123e09e2f9ac3e937567bba50df5319ae72bc69cc2398880c0"

[[package]]
name = "test-cli"
version = "0.1.0"
dependencies = [
 "bincode",
 "eips",
 "libc",
 "serde",
]

[[package]]
name = "unicode-ident"
version = "1.0.3"
source = "registry+https://github.com/rust-lang/crates.io-index"
checksum = "c4f5b37a154999a8f3f98cc23a628d850e154479cd94decf3414696e12e31aaf"
